
Microsoft Visual Studio Solution File, Format Version 12.00
# Visual Studio Version 16
VisualStudioVersion = 16.0.30011.22
MinimumVisualStudioVersion = 10.0.40219.1
Project("{9A19103F-16F7-4668-BE54-9A1E7A4F7556}") = "Mezun_Karti.Entities", "Mezun_Karti.Entities\Mezun_Karti.Entities.csproj", "{6C4B64CD-C889-4F66-A52D-85866E07A18D}"
EndProject
Project("{9A19103F-16F7-4668-BE54-9A1E7A4F7556}") = "Mezun_Karti.DataAccess", "Mezun_Karti.DataAccess\Mezun_Karti.DataAccess.csproj", "{5162A673-148F-4951-ACCC-46023C022AFA}"
EndProject
Project("{9A19103F-16F7-4668-BE54-9A1E7A4F7556}") = "Mezun_Karti.Business", "Mezun_Karti.Business\Mezun_Karti.Business.csproj", "{852D3B58-697D-487D-95A8-EC929ADD3992}"
EndProject
Project("{9A19103F-16F7-4668-BE54-9A1E7A4F7556}") = "Mezun_Karti.Api", "mezunkart.api\Mezun_Karti.Api.csproj", "{D2482A40-2B39-4E29-949E-1D8B343D3039}"
EndProject
Project("{FAE04EC0-301F-11D3-BF4B-00C04F79EFBC}") = "WebApplication1", "WebApplication1\WebApplication1.csproj", "{16499BF7-9FAA-454E-9F67-F326682EADF7}"
EndProject
Global
	GlobalSection(SolutionConfigurationPlatforms) = preSolution
		Debug|Any CPU = Debug|Any CPU
		Release|Any CPU = Release|Any CPU
	EndGlobalSection
	GlobalSection(ProjectConfigurationPlatforms) = postSolution
		{6C4B64CD-C889-4F66-A52D-85866E07A18D}.Debug|Any CPU.ActiveCfg = Debug|Any CPU
		{6C4B64CD-C889-4F66-A52D-85866E07A18D}.Debug|Any CPU.Build.0 = Debug|Any CPU
		{6C4B64CD-C889-4F66-A52D-85866E07A18D}.Release|Any CPU.ActiveCfg = Release|Any CPU
		{6C4B64CD-C889-4F66-A52D-85866E07A18D}.Release|Any CPU.Build.0 = Release|Any CPU
		{5162A673-148F-4951-ACCC-46023C022AFA}.Debug|Any CPU.ActiveCfg = Debug|Any CPU
		{5162A673-148F-4951-ACCC-46023C022AFA}.Debug|Any CPU.Build.0 = Debug|Any CPU
		{5162A673-148F-4951-ACCC-46023C022AFA}.Release|Any CPU.ActiveCfg = Release|Any CPU
		{5162A673-148F-4951-ACCC-46023C022AFA}.Release|Any CPU.Build.0 = Release|Any CPU
		{852D3B58-697D-487D-95A8-EC929ADD3992}.Debug|Any CPU.ActiveCfg = Debug|Any CPU
		{852D3B58-697D-487D-95A8-EC929ADD3992}.Debug|Any CPU.Build.0 = Debug|Any CPU
		{852D3B58-697D-487D-95A8-EC929ADD3992}.Release|Any CPU.ActiveCfg = Release|Any CPU
		{852D3B58-697D-487D-95A8-EC929ADD3992}.Release|Any CPU.Build.0 = Release|Any CPU
		{D2482A40-2B39-4E29-949E-1D8B343D3039}.Debug|Any CPU.ActiveCfg = Debug|Any CPU
		{D2482A40-2B39-4E29-949E-1D8B343D3039}.Debug|Any CPU.Build.0 = Debug|Any CPU
		{D2482A40-2B39-4E29-949E-1D8B343D3039}.Release|Any CPU.ActiveCfg = Release|Any CPU
		{D2482A40-2B39-4E29-949E-1D8B343D3039}.Release|Any CPU.Build.0 = Release|Any CPU
		{16499BF7-9FAA-454E-9F67-F326682EADF7}.Debug|Any CPU.ActiveCfg = Debug|Any CPU
		{16499BF7-9FAA-454E-9F67-F326682EADF7}.Debug|Any CPU.Build.0 = Debug|Any CPU
		{16499BF7-9FAA-454E-9F67-F326682EADF7}.Release|Any CPU.ActiveCfg = Release|Any CPU
		{16499BF7-9FAA-454E-9F67-F326682EADF7}.Release|Any CPU.Build.0 = Release|Any CPU
	EndGlobalSection
	GlobalSection(SolutionProperties) = preSolution
		HideSolutionNode = FALSE
	EndGlobalSection
	GlobalSection(ExtensibilityGlobals) = postSolution
		SolutionGuid = {7C00C473-0D8A-4403-BEDE-2FE26239DC54}
	EndGlobalSection
EndGlobal
